
Microsoft Visual Studio Solution File, Format Version 12.00
# Visual Studio Version 16
VisualStudioVersion = 16.0.29503.13
MinimumVisualStudioVersion = 10.0.40219.1
Project("{FAE04EC0-301F-11D3-BF4B-00C04F79EFBC}") = "order-service", "order-service\order-service.csproj", "{F86667AA-225D-4466-95B6-98D55FC1B6EA}"
EndProject
Project("{FAE04EC0-301F-11D3-BF4B-00C04F79EFBC}") = "customer-service", "customer-service\customer-service.csproj", "{9CC31304-DBF5-4994-9EB2-F2CB5BD3CE1B}"
EndProject
Project("{FAE04EC0-301F-11D3-BF4B-00C04F79EFBC}") = "apis", "apis\apis.csproj", "{564AEE00-0BE0-4588-8942-9543AD62A405}"
EndProject
Project("{FAE04EC0-301F-11D3-BF4B-00C04F79EFBC}") = "BusinessApi", "BusinessApi\BusinessApi.csproj", "{18F76EE4-79AF-4161-BBA5-329E725F9876}"
EndProject
Project("{FAE04EC0-301F-11D3-BF4B-00C04F79EFBC}") = "commons.services", "commons.services\commons.services.csproj", "{239C6FFC-A58B-4713-BD54-8C86CB07EEFC}"
EndProject
Global
	GlobalSection(SolutionConfigurationPlatforms) = preSolution
		Debug|Any CPU = Debug|Any CPU
		Release|Any CPU = Release|Any CPU
	EndGlobalSection
	GlobalSection(ProjectConfigurationPlatforms) = postSolution
		{F86667AA-225D-4466-95B6-98D55FC1B6EA}.Debug|Any CPU.ActiveCfg = Debug|Any CPU
		{F86667AA-225D-4466-95B6-98D55FC1B6EA}.Debug|Any CPU.Build.0 = Debug|Any CPU
		{F86667AA-225D-4466-95B6-98D55FC1B6EA}.Release|Any CPU.ActiveCfg = Release|Any CPU
		{F86667AA-225D-4466-95B6-98D55FC1B6EA}.Release|Any CPU.Build.0 = Release|Any CPU
		{9CC31304-DBF5-4994-9EB2-F2CB5BD3CE1B}.Debug|Any CPU.ActiveCfg = Debug|Any CPU
		{9CC31304-DBF5-4994-9EB2-F2CB5BD3CE1B}.Debug|Any CPU.Build.0 = Debug|Any CPU
		{9CC31304-DBF5-4994-9EB2-F2CB5BD3CE1B}.Release|Any CPU.ActiveCfg = Release|Any CPU
		{9CC31304-DBF5-4994-9EB2-F2CB5BD3CE1B}.Release|Any CPU.Build.0 = Release|Any CPU
		{564AEE00-0BE0-4588-8942-9543AD62A405}.Debug|Any CPU.ActiveCfg = Debug|Any CPU
		{564AEE00-0BE0-4588-8942-9543AD62A405}.Debug|Any CPU.Build.0 = Debug|Any CPU
		{564AEE00-0BE0-4588-8942-9543AD62A405}.Release|Any CPU.ActiveCfg = Release|Any CPU
		{564AEE00-0BE0-4588-8942-9543AD62A405}.Release|Any CPU.Build.0 = Release|Any CPU
		{18F76EE4-79AF-4161-BBA5-329E725F9876}.Debug|Any CPU.ActiveCfg = Debug|Any CPU
		{18F76EE4-79AF-4161-BBA5-329E725F9876}.Debug|Any CPU.Build.0 = Debug|Any CPU
		{18F76EE4-79AF-4161-BBA5-329E725F9876}.Release|Any CPU.ActiveCfg = Release|Any CPU
		{18F76EE4-79AF-4161-BBA5-329E725F9876}.Release|Any CPU.Build.0 = Release|Any CPU
		{239C6FFC-A58B-4713-BD54-8C86CB07EEFC}.Debug|Any CPU.ActiveCfg = Debug|Any CPU
		{239C6FFC-A58B-4713-BD54-8C86CB07EEFC}.Debug|Any CPU.Build.0 = Debug|Any CPU
		{239C6FFC-A58B-4713-BD54-8C86CB07EEFC}.Release|Any CPU.ActiveCfg = Release|Any CPU
		{239C6FFC-A58B-4713-BD54-8C86CB07EEFC}.Release|Any CPU.Build.0 = Release|Any CPU
	EndGlobalSection
	GlobalSection(SolutionProperties) = preSolution
		HideSolutionNode = FALSE
	EndGlobalSection
	GlobalSection(ExtensibilityGlobals) = postSolution
		SolutionGuid = {7F7F7224-A6C5-4A44-BD14-732822C09E44}
	EndGlobalSection
EndGlobal
